
Microsoft Visual Studio Solution File, Format Version 12.00
# Visual Studio 2015
Project("{FAE04EC0-301F-11D3-BF4B-00C04F79EFBC}") = "Lasers", "Lasers.csproj", "{558552EA-92DC-061F-3361-37033C938529}"
EndProject
Global
	GlobalSection(SolutionConfigurationPlatforms) = preSolution
		Debug|Any CPU = Debug|Any CPU
		Release|Any CPU = Release|Any CPU
	EndGlobalSection
	GlobalSection(ProjectConfigurationPlatforms) = postSolution
		{558552EA-92DC-061F-3361-37033C938529}.Debug|Any CPU.ActiveCfg = Debug|Any CPU
		{558552EA-92DC-061F-3361-37033C938529}.Debug|Any CPU.Build.0 = Debug|Any CPU
		{558552EA-92DC-061F-3361-37033C938529}.Release|Any CPU.ActiveCfg = Release|Any CPU
		{558552EA-92DC-061F-3361-37033C938529}.Release|Any CPU.Build.0 = Release|Any CPU
	EndGlobalSection
	GlobalSection(SolutionProperties) = preSolution
		HideSolutionNode = FALSE
	EndGlobalSection
EndGlobal
